
Microsoft Visual Studio Solution File, Format Version 12.00
# Visual Studio 15
VisualStudioVersion = 15.0.27130.2036
MinimumVisualStudioVersion = 10.0.40219.1
Project("{FAE04EC0-301F-11D3-BF4B-00C04F79EFBC}") = "Final", "Final\Final.csproj", "{F1901D7C-4ADE-44AD-8DD7-1E67816A43EB}"
EndProject
Global
	GlobalSection(SolutionConfigurationPlatforms) = preSolution
		Debug|Any CPU = Debug|Any CPU
		Release|Any CPU = Release|Any CPU
	EndGlobalSection
	GlobalSection(ProjectConfigurationPlatforms) = postSolution
		{F1901D7C-4ADE-44AD-8DD7-1E67816A43EB}.Debug|Any CPU.ActiveCfg = Debug|Any CPU
		{F1901D7C-4ADE-44AD-8DD7-1E67816A43EB}.Debug|Any CPU.Build.0 = Debug|Any CPU
		{F1901D7C-4ADE-44AD-8DD7-1E67816A43EB}.Release|Any CPU.ActiveCfg = Release|Any CPU
		{F1901D7C-4ADE-44AD-8DD7-1E67816A43EB}.Release|Any CPU.Build.0 = Release|Any CPU
	EndGlobalSection
	GlobalSection(SolutionProperties) = preSolution
		HideSolutionNode = FALSE
	EndGlobalSection
	GlobalSection(ExtensibilityGlobals) = postSolution
		SolutionGuid = {73E4F1A3-4F8A-4DF4-843D-848258BF4C27}
	EndGlobalSection
EndGlobal
